# THIS IS AN AUTOGENERATED FILE. DO NOT EDIT THIS FILE DIRECTLY.
# yarn lockfile v1


acorn@^8.1.0:
  version "8.1.0"
  resolved "https://registry.npm.taobao.org/acorn/download/acorn-8.1.0.tgz?cache=0&sync_timestamp=1615305874483&other_urls=https%3A%2F%2Fregistry.npm.taobao.org%2Facorn%2Fdownload%2Facorn-8.1.0.tgz#52311fd7037ae119cbb134309e901aa46295b3fe"
  integrity sha1-UjEf1wN64RnLsTQwnpAapGKVs/4=
